
Microsoft Visual Studio Solution File, Format Version 12.00
# Visual Studio Version 17
VisualStudioVersion = 17.0.31903.59
MinimumVisualStudioVersion = 10.0.40219.1
Project("{2150E333-8FDC-42A3-9474-1A3956D46DE8}") = "src", "src", "{AF0AB24D-9565-4359-B1D6-79DC7F120A83}"
EndProject
Project("{FAE04EC0-301F-11D3-BF4B-00C04F79EFBC}") = "PasswordManager.Core", "src\PasswordManager.Core\PasswordManager.Core.csproj", "{696436A4-65A2-4C04-8B5B-DA7FC3DCEEB8}"
EndProject
Project("{2150E333-8FDC-42A3-9474-1A3956D46DE8}") = "tests", "tests", "{CE7FD670-E6F5-4F0D-A6C7-98A2B2D6EE7A}"
EndProject
Project("{FAE04EC0-301F-11D3-BF4B-00C04F79EFBC}") = "PasswordManager.Core.Tests", "tests\PasswordManager.Core.Tests\PasswordManager.Core.Tests.csproj", "{8ED7EDC8-701E-40E1-A1D5-00701BC586DB}"
EndProject
Project("{FAE04EC0-301F-11D3-BF4B-00C04F79EFBC}") = "PasswordManager.Storage", "src\PasswordManager.Storage\PasswordManager.Storage.csproj", "{D117E9B4-D290-44C3-B5A2-AF581EE7AF5D}"
EndProject
Project("{FAE04EC0-301F-11D3-BF4B-00C04F79EFBC}") = "PasswordManager.Storage.Tests", "tests\PasswordManager.Storage.Tests\PasswordManager.Storage.Tests.csproj", "{27E6F6DA-AAF7-4711-98E8-922DD207B3B5}"
EndProject
Global
	GlobalSection(SolutionConfigurationPlatforms) = preSolution
		Debug|Any CPU = Debug|Any CPU
		Release|Any CPU = Release|Any CPU
	EndGlobalSection
	GlobalSection(SolutionProperties) = preSolution
		HideSolutionNode = FALSE
	EndGlobalSection
	GlobalSection(ProjectConfigurationPlatforms) = postSolution
		{696436A4-65A2-4C04-8B5B-DA7FC3DCEEB8}.Debug|Any CPU.ActiveCfg = Debug|Any CPU
		{696436A4-65A2-4C04-8B5B-DA7FC3DCEEB8}.Debug|Any CPU.Build.0 = Debug|Any CPU
		{696436A4-65A2-4C04-8B5B-DA7FC3DCEEB8}.Release|Any CPU.ActiveCfg = Release|Any CPU
		{696436A4-65A2-4C04-8B5B-DA7FC3DCEEB8}.Release|Any CPU.Build.0 = Release|Any CPU
		{8ED7EDC8-701E-40E1-A1D5-00701BC586DB}.Debug|Any CPU.ActiveCfg = Debug|Any CPU
		{8ED7EDC8-701E-40E1-A1D5-00701BC586DB}.Debug|Any CPU.Build.0 = Debug|Any CPU
		{8ED7EDC8-701E-40E1-A1D5-00701BC586DB}.Release|Any CPU.ActiveCfg = Release|Any CPU
		{8ED7EDC8-701E-40E1-A1D5-00701BC586DB}.Release|Any CPU.Build.0 = Release|Any CPU
		{D117E9B4-D290-44C3-B5A2-AF581EE7AF5D}.Debug|Any CPU.ActiveCfg = Debug|Any CPU
		{D117E9B4-D290-44C3-B5A2-AF581EE7AF5D}.Debug|Any CPU.Build.0 = Debug|Any CPU
		{D117E9B4-D290-44C3-B5A2-AF581EE7AF5D}.Release|Any CPU.ActiveCfg = Release|Any CPU
		{D117E9B4-D290-44C3-B5A2-AF581EE7AF5D}.Release|Any CPU.Build.0 = Release|Any CPU
		{27E6F6DA-AAF7-4711-98E8-922DD207B3B5}.Debug|Any CPU.ActiveCfg = Debug|Any CPU
		{27E6F6DA-AAF7-4711-98E8-922DD207B3B5}.Debug|Any CPU.Build.0 = Debug|Any CPU
		{27E6F6DA-AAF7-4711-98E8-922DD207B3B5}.Release|Any CPU.ActiveCfg = Release|Any CPU
		{27E6F6DA-AAF7-4711-98E8-922DD207B3B5}.Release|Any CPU.Build.0 = Release|Any CPU
	EndGlobalSection
	GlobalSection(NestedProjects) = preSolution
		{696436A4-65A2-4C04-8B5B-DA7FC3DCEEB8} = {AF0AB24D-9565-4359-B1D6-79DC7F120A83}
		{8ED7EDC8-701E-40E1-A1D5-00701BC586DB} = {CE7FD670-E6F5-4F0D-A6C7-98A2B2D6EE7A}
		{D117E9B4-D290-44C3-B5A2-AF581EE7AF5D} = {AF0AB24D-9565-4359-B1D6-79DC7F120A83}
		{27E6F6DA-AAF7-4711-98E8-922DD207B3B5} = {CE7FD670-E6F5-4F0D-A6C7-98A2B2D6EE7A}
	EndGlobalSection
EndGlobal
